
Microsoft Visual Studio Solution File, Format Version 12.00
# Visual Studio Version 17
VisualStudioVersion = 17.10.35013.160
MinimumVisualStudioVersion = 10.0.40219.1
Project("{FAE04EC0-301F-11D3-BF4B-00C04F79EFBC}") = "articulos-web", "articulos-web\articulos-web.csproj", "{13B9D9D7-264A-446E-8EEB-2C4FBB4002FB}"
EndProject
Project("{FAE04EC0-301F-11D3-BF4B-00C04F79EFBC}") = "domain", "dominio\domain.csproj", "{D6B31D64-7020-4C42-AFD9-FCE525F422AA}"
EndProject
Project("{FAE04EC0-301F-11D3-BF4B-00C04F79EFBC}") = "product", "negocio\product.csproj", "{A02D1DF6-5D53-4333-A76C-C639B8B65259}"
EndProject
Global
	GlobalSection(SolutionConfigurationPlatforms) = preSolution
		Debug|Any CPU = Debug|Any CPU
		Release|Any CPU = Release|Any CPU
	EndGlobalSection
	GlobalSection(ProjectConfigurationPlatforms) = postSolution
		{13B9D9D7-264A-446E-8EEB-2C4FBB4002FB}.Debug|Any CPU.ActiveCfg = Debug|Any CPU
		{13B9D9D7-264A-446E-8EEB-2C4FBB4002FB}.Debug|Any CPU.Build.0 = Debug|Any CPU
		{13B9D9D7-264A-446E-8EEB-2C4FBB4002FB}.Release|Any CPU.ActiveCfg = Release|Any CPU
		{13B9D9D7-264A-446E-8EEB-2C4FBB4002FB}.Release|Any CPU.Build.0 = Release|Any CPU
		{D6B31D64-7020-4C42-AFD9-FCE525F422AA}.Debug|Any CPU.ActiveCfg = Debug|Any CPU
		{D6B31D64-7020-4C42-AFD9-FCE525F422AA}.Debug|Any CPU.Build.0 = Debug|Any CPU
		{D6B31D64-7020-4C42-AFD9-FCE525F422AA}.Release|Any CPU.ActiveCfg = Release|Any CPU
		{D6B31D64-7020-4C42-AFD9-FCE525F422AA}.Release|Any CPU.Build.0 = Release|Any CPU
		{A02D1DF6-5D53-4333-A76C-C639B8B65259}.Debug|Any CPU.ActiveCfg = Debug|Any CPU
		{A02D1DF6-5D53-4333-A76C-C639B8B65259}.Debug|Any CPU.Build.0 = Debug|Any CPU
		{A02D1DF6-5D53-4333-A76C-C639B8B65259}.Release|Any CPU.ActiveCfg = Release|Any CPU
		{A02D1DF6-5D53-4333-A76C-C639B8B65259}.Release|Any CPU.Build.0 = Release|Any CPU
	EndGlobalSection
	GlobalSection(SolutionProperties) = preSolution
		HideSolutionNode = FALSE
	EndGlobalSection
	GlobalSection(ExtensibilityGlobals) = postSolution
		SolutionGuid = {2038F363-9000-43F2-A317-0647EF312FD8}
	EndGlobalSection
EndGlobal
